// !$*UTF8*$!
{
	archiveVersion = 1;
	classes = {
	};
	objectVersion = 48;
	objects = {

/* Begin PBXBuildFile section */
		09311556C80074850544CEB9 /* Pods_DoctorApp.framework in Frameworks */ = {isa = PBXBuildFile; fileRef = 673A94DE598EF7B510CD93DC /* Pods_DoctorApp.framework */; };
		4F22B1AC204BAF9D00682E93 /* AppDelegate.swift in Sources */ = {isa = PBXBuildFile; fileRef = 4F22B1AB204BAF9D00682E93 /* AppDelegate.swift */; };
		4F22B1B1204BAF9D00682E93 /* Main.storyboard in Resources */ = {isa = PBXBuildFile; fileRef = 4F22B1AF204BAF9D00682E93 /* Main.storyboard */; };
		4F22B1B3204BAF9D00682E93 /* Assets.xcassets in Resources */ = {isa = PBXBuildFile; fileRef = 4F22B1B2204BAF9D00682E93 /* Assets.xcassets */; };
		4F22B1B6204BAF9D00682E93 /* LaunchScreen.storyboard in Resources */ = {isa = PBXBuildFile; fileRef = 4F22B1B4204BAF9D00682E93 /* LaunchScreen.storyboard */; };
		4F22B1C5204BB1D300682E93 /* AppointmentsViewController.swift in Sources */ = {isa = PBXBuildFile; fileRef = 4F22B1C4204BB1D300682E93 /* AppointmentsViewController.swift */; };
		4F22B1C7204BB42800682E93 /* GoogleService-Info.plist in Resources */ = {isa = PBXBuildFile; fileRef = 4F22B1C6204BB42800682E93 /* GoogleService-Info.plist */; };
		4F22B1C9204BB57600682E93 /* AppointmentsRouter.swift in Sources */ = {isa = PBXBuildFile; fileRef = 4F22B1C8204BB57600682E93 /* AppointmentsRouter.swift */; };
		4F22B1CB204BB6CA00682E93 /* AppointmentsViewModel.swift in Sources */ = {isa = PBXBuildFile; fileRef = 4F22B1CA204BB6CA00682E93 /* AppointmentsViewModel.swift */; };
		4F22B1CD204BB8F700682E93 /* Appointment.swift in Sources */ = {isa = PBXBuildFile; fileRef = 4F22B1CC204BB8F700682E93 /* Appointment.swift */; };
/* End PBXBuildFile section */

/* Begin PBXFileReference section */
		00320D5B9654DA92268E9CCB /* Pods-DoctorApp.release.xcconfig */ = {isa = PBXFileReference; includeInIndex = 1; lastKnownFileType = text.xcconfig; name = "Pods-DoctorApp.release.xcconfig"; path = "Pods/Target Support Files/Pods-DoctorApp/Pods-DoctorApp.release.xcconfig"; sourceTree = "<group>"; };
		4F22B1A8204BAF9D00682E93 /* DoctorApp.app */ = {isa = PBXFileReference; explicitFileType = wrapper.application; includeInIndex = 0; path = DoctorApp.app; sourceTree = BUILT_PRODUCTS_DIR; };
		4F22B1AB204BAF9D00682E93 /* AppDelegate.swift */ = {isa = PBXFileReference; lastKnownFileType = sourcecode.swift; path = AppDelegate.swift; sourceTree = "<group>"; };
		4F22B1B0204BAF9D00682E93 /* Base */ = {isa = PBXFileReference; lastKnownFileType = file.storyboard; name = Base; path = Base.lproj/Main.storyboard; sourceTree = "<group>"; };
		4F22B1B2204BAF9D00682E93 /* Assets.xcassets */ = {isa = PBXFileReference; lastKnownFileType = folder.assetcatalog; path = Assets.xcassets; sourceTree = "<group>"; };
		4F22B1B5204BAF9D00682E93 /* Base */ = {isa = PBXFileReference; lastKnownFileType = file.storyboard; name = Base; path = Base.lproj/LaunchScreen.storyboard; sourceTree = "<group>"; };
		4F22B1B7204BAF9D00682E93 /* Info.plist */ = {isa = PBXFileReference; lastKnownFileType = text.plist.xml; path = Info.plist; sourceTree = "<group>"; };
		4F22B1C4204BB1D300682E93 /* AppointmentsViewController.swift */ = {isa = PBXFileReference; lastKnownFileType = sourcecode.swift; path = AppointmentsViewController.swift; sourceTree = "<group>"; };
		4F22B1C6204BB42800682E93 /* GoogleService-Info.plist */ = {isa = PBXFileReference; fileEncoding = 4; lastKnownFileType = text.plist.xml; path = "GoogleService-Info.plist"; sourceTree = "<group>"; };
		4F22B1C8204BB57600682E93 /* AppointmentsRouter.swift */ = {isa = PBXFileReference; lastKnownFileType = sourcecode.swift; path = AppointmentsRouter.swift; sourceTree = "<group>"; };
		4F22B1CA204BB6CA00682E93 /* AppointmentsViewModel.swift */ = {isa = PBXFileReference; lastKnownFileType = sourcecode.swift; path = AppointmentsViewModel.swift; sourceTree = "<group>"; };
		4F22B1CC204BB8F700682E93 /* Appointment.swift */ = {isa = PBXFileReference; lastKnownFileType = sourcecode.swift; path = Appointment.swift; sourceTree = "<group>"; };
		4F22B1CF204BBABF00682E93 /* DoctorApp-Bridging-Header.h */ = {isa = PBXFileReference; fileEncoding = 4; lastKnownFileType = sourcecode.c.h; path = "DoctorApp-Bridging-Header.h"; sourceTree = SOURCE_ROOT; };
		673A94DE598EF7B510CD93DC /* Pods_DoctorApp.framework */ = {isa = PBXFileReference; explicitFileType = wrapper.framework; includeInIndex = 0; path = Pods_DoctorApp.framework; sourceTree = BUILT_PRODUCTS_DIR; };
		EE0FC4DB1D7AAF053B529546 /* Pods-DoctorApp.debug.xcconfig */ = {isa = PBXFileReference; includeInIndex = 1; lastKnownFileType = text.xcconfig; name = "Pods-DoctorApp.debug.xcconfig"; path = "Pods/Target Support Files/Pods-DoctorApp/Pods-DoctorApp.debug.xcconfig"; sourceTree = "<group>"; };
/* End PBXFileReference section */

/* Begin PBXFrameworksBuildPhase section */
		4F22B1A5204BAF9D00682E93 /* Frameworks */ = {
			isa = PBXFrameworksBuildPhase;
			buildActionMask = 2147483647;
			files = (
				09311556C80074850544CEB9 /* Pods_DoctorApp.framework in Frameworks */,
			);
			runOnlyForDeploymentPostprocessing = 0;
		};
/* End PBXFrameworksBuildPhase section */

/* Begin PBXGroup section */
		2378D4B9138CA6D6E7705AA5 /* Frameworks */ = {
			isa = PBXGroup;
			children = (
				673A94DE598EF7B510CD93DC /* Pods_DoctorApp.framework */,
			);
			name = Frameworks;
			sourceTree = "<group>";
		};
		499737581E70FEB4AC926661 /* Pods */ = {
			isa = PBXGroup;
			children = (
				EE0FC4DB1D7AAF053B529546 /* Pods-DoctorApp.debug.xcconfig */,
				00320D5B9654DA92268E9CCB /* Pods-DoctorApp.release.xcconfig */,
			);
			name = Pods;
			sourceTree = "<group>";
		};
		4F22B19F204BAF9D00682E93 = {
			isa = PBXGroup;
			children = (
				4F22B1AA204BAF9D00682E93 /* DoctorApp */,
				4F22B1A9204BAF9D00682E93 /* Products */,
				499737581E70FEB4AC926661 /* Pods */,
				2378D4B9138CA6D6E7705AA5 /* Frameworks */,
			);
			sourceTree = "<group>";
		};
		4F22B1A9204BAF9D00682E93 /* Products */ = {
			isa = PBXGroup;
			children = (
				4F22B1A8204BAF9D00682E93 /* DoctorApp.app */,
			);
			name = Products;
			sourceTree = "<group>";
		};
		4F22B1AA204BAF9D00682E93 /* DoctorApp */ = {
			isa = PBXGroup;
			children = (
				4F22B1C3204BB17500682E93 /* Routers */,
				4F22B1C2204BB13700682E93 /* Storyboards */,
				4F22B1C1204BB12800682E93 /* Models */,
				4F22B1C0204BB11800682E93 /* ViewModels */,
				4F22B1BF204BB11000682E93 /* Views */,
				4F22B1BE204BB10500682E93 /* ViewControllers */,
				4F22B1BD204BB0BB00682E93 /* Supporting Files */,
				4F22B1B2204BAF9D00682E93 /* Assets.xcassets */,
			);
			path = DoctorApp;
			sourceTree = "<group>";
		};
		4F22B1BD204BB0BB00682E93 /* Supporting Files */ = {
			isa = PBXGroup;
			children = (
				4F22B1CF204BBABF00682E93 /* DoctorApp-Bridging-Header.h */,
				4F22B1AB204BAF9D00682E93 /* AppDelegate.swift */,
				4F22B1B4204BAF9D00682E93 /* LaunchScreen.storyboard */,
				4F22B1B7204BAF9D00682E93 /* Info.plist */,
				4F22B1C6204BB42800682E93 /* GoogleService-Info.plist */,
			);
			name = "Supporting Files";
			sourceTree = "<group>";
		};
		4F22B1BE204BB10500682E93 /* ViewControllers */ = {
			isa = PBXGroup;
			children = (
				4F22B1C4204BB1D300682E93 /* AppointmentsViewController.swift */,
			);
			path = ViewControllers;
			sourceTree = "<group>";
		};
		4F22B1BF204BB11000682E93 /* Views */ = {
			isa = PBXGroup;
			children = (
			);
			path = Views;
			sourceTree = "<group>";
		};
		4F22B1C0204BB11800682E93 /* ViewModels */ = {
			isa = PBXGroup;
			children = (
				4F22B1CA204BB6CA00682E93 /* AppointmentsViewModel.swift */,
			);
			path = ViewModels;
			sourceTree = "<group>";
		};
		4F22B1C1204BB12800682E93 /* Models */ = {
			isa = PBXGroup;
			children = (
				4F22B1CC204BB8F700682E93 /* Appointment.swift */,
			);
			path = Models;
			sourceTree = "<group>";
		};
		4F22B1C2204BB13700682E93 /* Storyboards */ = {
			isa = PBXGroup;
			children = (
				4F22B1AF204BAF9D00682E93 /* Main.storyboard */,
			);
			name = Storyboards;
			sourceTree = "<group>";
		};
		4F22B1C3204BB17500682E93 /* Routers */ = {
			isa = PBXGroup;
			children = (
				4F22B1C8204BB57600682E93 /* AppointmentsRouter.swift */,
			);
			path = Routers;
			sourceTree = "<group>";
		};
/* End PBXGroup section */

/* Begin PBXNativeTarget section */
		4F22B1A7204BAF9D00682E93 /* DoctorApp */ = {
			isa = PBXNativeTarget;
			buildConfigurationList = 4F22B1BA204BAF9D00682E93 /* Build configuration list for PBXNativeTarget "DoctorApp" */;
			buildPhases = (
				A52C08428726F7851DD26CAA /* [CP] Check Pods Manifest.lock */,
				4F22B1A4204BAF9D00682E93 /* Sources */,
				4F22B1A5204BAF9D00682E93 /* Frameworks */,
				4F22B1A6204BAF9D00682E93 /* Resources */,
				D12C5D6635A566AA2FA255F5 /* [CP] Embed Pods Frameworks */,
				A3C05E7C49AF3BC409CD957F /* [CP] Copy Pods Resources */,
			);
			buildRules = (
			);
			dependencies = (
			);
			name = DoctorApp;
			productName = DoctorApp;
			productReference = 4F22B1A8204BAF9D00682E93 /* DoctorApp.app */;
			productType = "com.apple.product-type.application";
		};
/* End PBXNativeTarget section */

/* Begin PBXProject section */
		4F22B1A0204BAF9D00682E93 /* Project object */ = {
			isa = PBXProject;
			attributes = {
				LastSwiftUpdateCheck = 0920;
				LastUpgradeCheck = 0920;
				ORGANIZATIONNAME = "Salem Mohamed";
				TargetAttributes = {
					4F22B1A7204BAF9D00682E93 = {
						CreatedOnToolsVersion = 9.2;
						ProvisioningStyle = Automatic;
					};
				};
			};
			buildConfigurationList = 4F22B1A3204BAF9D00682E93 /* Build configuration list for PBXProject "DoctorApp" */;
			compatibilityVersion = "Xcode 8.0";
			developmentRegion = en;
			hasScannedForEncodings = 0;
			knownRegions = (
				en,
				Base,
			);
			mainGroup = 4F22B19F204BAF9D00682E93;
			productRefGroup = 4F22B1A9204BAF9D00682E93 /* Products */;
			projectDirPath = "";
			projectRoot = "";
			targets = (
				4F22B1A7204BAF9D00682E93 /* DoctorApp */,
			);
		};
/* End PBXProject section */

/* Begin PBXResourcesBuildPhase section */
		4F22B1A6204BAF9D00682E93 /* Resources */ = {
			isa = PBXResourcesBuildPhase;
			buildActionMask = 2147483647;
			files = (
				4F22B1B6204BAF9D00682E93 /* LaunchScreen.storyboard in Resources */,
				4F22B1B3204BAF9D00682E93 /* Assets.xcassets in Resources */,
				4F22B1B1204BAF9D00682E93 /* Main.storyboard in Resources */,
				4F22B1C7204BB42800682E93 /* GoogleService-Info.plist in Resources */,
			);
			runOnlyForDeploymentPostprocessing = 0;
		};
/* End PBXResourcesBuildPhase section */

/* Begin PBXShellScriptBuildPhase section */
		A3C05E7C49AF3BC409CD957F /* [CP] Copy Pods Resources */ = {
			isa = PBXShellScriptBuildPhase;
			buildActionMask = 2147483647;
			files = (
			);
			inputPaths = (
			);
			name = "[CP] Copy Pods Resources";
			outputPaths = (
			);
			runOnlyForDeploymentPostprocessing = 0;
			shellPath = /bin/sh;
			shellScript = "\"${SRCROOT}/Pods/Target Support Files/Pods-DoctorApp/Pods-DoctorApp-resources.sh\"\n";
			showEnvVarsInLog = 0;
		};
		A52C08428726F7851DD26CAA /* [CP] Check Pods Manifest.lock */ = {
			isa = PBXShellScriptBuildPhase;
			buildActionMask = 2147483647;
			files = (
			);
			inputPaths = (
			);
			name = "[CP] Check Pods Manifest.lock";
			outputPaths = (
			);
			runOnlyForDeploymentPostprocessing = 0;
			shellPath = /bin/sh;
			shellScript = "diff \"${PODS_PODFILE_DIR_PATH}/Podfile.lock\" \"${PODS_ROOT}/Manifest.lock\" > /dev/null\nif [ $? != 0 ] ; then\n    # print error to STDERR\n    echo \"error: The sandbox is not in sync with the Podfile.lock. Run 'pod install' or update your CocoaPods installation.\" >&2\n    exit 1\nfi\n";
			showEnvVarsInLog = 0;
		};
		D12C5D6635A566AA2FA255F5 /* [CP] Embed Pods Frameworks */ = {
			isa = PBXShellScriptBuildPhase;
			buildActionMask = 2147483647;
			files = (
			);
			inputPaths = (
			);
			name = "[CP] Embed Pods Frameworks";
			outputPaths = (
			);
			runOnlyForDeploymentPostprocessing = 0;
			shellPath = /bin/sh;
			shellScript = "\"${SRCROOT}/Pods/Target Support Files/Pods-DoctorApp/Pods-DoctorApp-frameworks.sh\"\n";
			showEnvVarsInLog = 0;
		};
/* End PBXShellScriptBuildPhase section */

/* Begin PBXSourcesBuildPhase section */
		4F22B1A4204BAF9D00682E93 /* Sources */ = {
			isa = PBXSourcesBuildPhase;
			buildActionMask = 2147483647;
			files = (
				4F22B1CB204BB6CA00682E93 /* AppointmentsViewModel.swift in Sources */,
				4F22B1C9204BB57600682E93 /* AppointmentsRouter.swift in Sources */,
				4F22B1AC204BAF9D00682E93 /* AppDelegate.swift in Sources */,
				4F22B1C5204BB1D300682E93 /* AppointmentsViewController.swift in Sources */,
				4F22B1CD204BB8F700682E93 /* Appointment.swift in Sources */,
			);
			runOnlyForDeploymentPostprocessing = 0;
		};
/* End PBXSourcesBuildPhase section */

/* Begin PBXVariantGroup section */
		4F22B1AF204BAF9D00682E93 /* Main.storyboard */ = {
			isa = PBXVariantGroup;
			children = (
				4F22B1B0204BAF9D00682E93 /* Base */,
			);
			name = Main.storyboard;
			sourceTree = "<group>";
		};
		4F22B1B4204BAF9D00682E93 /* LaunchScreen.storyboard */ = {
			isa = PBXVariantGroup;
			children = (
				4F22B1B5204BAF9D00682E93 /* Base */,
			);
			name = LaunchScreen.storyboard;
			sourceTree = "<group>";
		};
/* End PBXVariantGroup section */

/* Begin XCBuildConfiguration section */
		4F22B1B8204BAF9D00682E93 /* Debug */ = {
			isa = XCBuildConfiguration;
			buildSettings = {
				ALWAYS_SEARCH_USER_PATHS = NO;
				CLANG_ANALYZER_NONNULL = YES;
				CLANG_ANALYZER_NUMBER_OBJECT_CONVERSION = YES_AGGRESSIVE;
				CLANG_CXX_LANGUAGE_STANDARD = "gnu++14";
				CLANG_CXX_LIBRARY = "libc++";
				CLANG_ENABLE_MODULES = YES;
				CLANG_ENABLE_OBJC_ARC = YES;
				CLANG_WARN_BLOCK_CAPTURE_AUTORELEASING = YES;
				CLANG_WARN_BOOL_CONVERSION = YES;
				CLANG_WARN_COMMA = YES;
				CLANG_WARN_CONSTANT_CONVERSION = YES;
				CLANG_WARN_DIRECT_OBJC_ISA_USAGE = YES_ERROR;
				CLANG_WARN_DOCUMENTATION_COMMENTS = YES;
				CLANG_WARN_EMPTY_BODY = YES;
				CLANG_WARN_ENUM_CONVERSION = YES;
				CLANG_WARN_INFINITE_RECURSION = YES;
				CLANG_WARN_INT_CONVERSION = YES;
				CLANG_WARN_NON_LITERAL_NULL_CONVERSION = YES;
				CLANG_WARN_OBJC_LITERAL_CONVERSION = YES;
				CLANG_WARN_OBJC_ROOT_CLASS = YES_ERROR;
				CLANG_WARN_RANGE_LOOP_ANALYSIS = YES;
				CLANG_WARN_STRICT_PROTOTYPES = YES;
				CLANG_WARN_SUSPICIOUS_MOVE = YES;
				CLANG_WARN_UNGUARDED_AVAILABILITY = YES_AGGRESSIVE;
				CLANG_WARN_UNREACHABLE_CODE = YES;
				CLANG_WARN__DUPLICATE_METHOD_MATCH = YES;
				CODE_SIGN_IDENTITY = "iPhone Developer";
				COPY_PHASE_STRIP = NO;
				DEBUG_INFORMATION_FORMAT = dwarf;
				ENABLE_STRICT_OBJC_MSGSEND = YES;
				ENABLE_TESTABILITY = YES;
				GCC_C_LANGUAGE_STANDARD = gnu11;
				GCC_DYNAMIC_NO_PIC = NO;
				GCC_NO_COMMON_BLOCKS = YES;
				GCC_OPTIMIZATION_LEVEL = 0;
				GCC_PREPROCESSOR_DEFINITIONS = (
					"DEBUG=1",
					"$(inherited)",
				);
				GCC_WARN_64_TO_32_BIT_CONVERSION = YES;
				GCC_WARN_ABOUT_RETURN_TYPE = YES_ERROR;
				GCC_WARN_UNDECLARED_SELECTOR = YES;
				GCC_WARN_UNINITIALIZED_AUTOS = YES_AGGRESSIVE;
				GCC_WARN_UNUSED_FUNCTION = YES;
				GCC_WARN_UNUSED_VARIABLE = YES;
				IPHONEOS_DEPLOYMENT_TARGET = 11.2;
				MTL_ENABLE_DEBUG_INFO = YES;
				ONLY_ACTIVE_ARCH = YES;
				SDKROOT = iphoneos;
				SWIFT_ACTIVE_COMPILATION_CONDITIONS = DEBUG;
				SWIFT_OPTIMIZATION_LEVEL = "-Onone";
			};
			name = Debug;
		};
		4F22B1B9204BAF9D00682E93 /* Release */ = {
			isa = XCBuildConfiguration;
			buildSettings = {
				ALWAYS_SEARCH_USER_PATHS = NO;
				CLANG_ANALYZER_NONNULL = YES;
				CLANG_ANALYZER_NUMBER_OBJECT_CONVERSION = YES_AGGRESSIVE;
				CLANG_CXX_LANGUAGE_STANDARD = "gnu++14";
				CLANG_CXX_LIBRARY = "libc++";
				CLANG_ENABLE_MODULES = YES;
				CLANG_ENABLE_OBJC_ARC = YES;
				CLANG_WARN_BLOCK_CAPTURE_AUTORELEASING = YES;
				CLANG_WARN_BOOL_CONVERSION = YES;
				CLANG_WARN_COMMA = YES;
				CLANG_WARN_CONSTANT_CONVERSION = YES;
				CLANG_WARN_DIRECT_OBJC_ISA_USAGE = YES_ERROR;
				CLANG_WARN_DOCUMENTATION_COMMENTS = YES;
				CLANG_WARN_EMPTY_BODY = YES;
				CLANG_WARN_ENUM_CONVERSION = YES;
				CLANG_WARN_INFINITE_RECURSION = YES;
				CLANG_WARN_INT_CONVERSION = YES;
				CLANG_WARN_NON_LITERAL_NULL_CONVERSION = YES;
				CLANG_WARN_OBJC_LITERAL_CONVERSION = YES;
				CLANG_WARN_OBJC_ROOT_CLASS = YES_ERROR;
				CLANG_WARN_RANGE_LOOP_ANALYSIS = YES;
				CLANG_WARN_STRICT_PROTOTYPES = YES;
				CLANG_WARN_SUSPICIOUS_MOVE = YES;
				CLANG_WARN_UNGUARDED_AVAILABILITY = YES_AGGRESSIVE;
				CLANG_WARN_UNREACHABLE_CODE = YES;
				CLANG_WARN__DUPLICATE_METHOD_MATCH = YES;
				CODE_SIGN_IDENTITY = "iPhone Developer";
				COPY_PHASE_STRIP = NO;
				DEBUG_INFORMATION_FORMAT = "dwarf-with-dsym";
				ENABLE_NS_ASSERTIONS = NO;
				ENABLE_STRICT_OBJC_MSGSEND = YES;
				GCC_C_LANGUAGE_STANDARD = gnu11;
				GCC_NO_COMMON_BLOCKS = YES;
				GCC_WARN_64_TO_32_BIT_CONVERSION = YES;
				GCC_WARN_ABOUT_RETURN_TYPE = YES_ERROR;
				GCC_WARN_UNDECLARED_SELECTOR = YES;
				GCC_WARN_UNINITIALIZED_AUTOS = YES_AGGRESSIVE;
				GCC_WARN_UNUSED_FUNCTION = YES;
				GCC_WARN_UNUSED_VARIABLE = YES;
				IPHONEOS_DEPLOYMENT_TARGET = 11.2;
				MTL_ENABLE_DEBUG_INFO = NO;
				SDKROOT = iphoneos;
				SWIFT_OPTIMIZATION_LEVEL = "-Owholemodule";
				VALIDATE_PRODUCT = YES;
			};
			name = Release;
		};
		4F22B1BB204BAF9D00682E93 /* Debug */ = {
			isa = XCBuildConfiguration;
			baseConfigurationReference = EE0FC4DB1D7AAF053B529546 /* Pods-DoctorApp.debug.xcconfig */;
			buildSettings = {
				ASSETCATALOG_COMPILER_APPICON_NAME = AppIcon;
				CODE_SIGN_STYLE = Automatic;
				DEVELOPMENT_TEAM = UXYD2AG48K;
				INFOPLIST_FILE = DoctorApp/Info.plist;
				LD_RUNPATH_SEARCH_PATHS = "$(inherited) @executable_path/Frameworks";
				PRODUCT_BUNDLE_IDENTIFIER = hungerstation.assignment.salem.DoctorApp;
				PRODUCT_NAME = "$(TARGET_NAME)";
				SWIFT_OBJC_BRIDGING_HEADER = "DoctorApp-Bridging-Header.h";
				SWIFT_VERSION = 4.0;
				TARGETED_DEVICE_FAMILY = "1,2";
			};
			name = Debug;
		};
		4F22B1BC204BAF9D00682E93 /* Release */ = {
			isa = XCBuildConfiguration;
			baseConfigurationReference = 00320D5B9654DA92268E9CCB /* Pods-DoctorApp.release.xcconfig */;
			buildSettings = {
				ASSETCATALOG_COMPILER_APPICON_NAME = AppIcon;
				CODE_SIGN_STYLE = Automatic;
				DEVELOPMENT_TEAM = UXYD2AG48K;
				INFOPLIST_FILE = DoctorApp/Info.plist;
				LD_RUNPATH_SEARCH_PATHS = "$(inherited) @executable_path/Frameworks";
				PRODUCT_BUNDLE_IDENTIFIER = hungerstation.assignment.salem.DoctorApp;
				PRODUCT_NAME = "$(TARGET_NAME)";
				SWIFT_OBJC_BRIDGING_HEADER = "DoctorApp-Bridging-Header.h";
				SWIFT_VERSION = 4.0;
				TARGETED_DEVICE_FAMILY = "1,2";
			};
			name = Release;
		};
/* End XCBuildConfiguration section */

/* Begin XCConfigurationList section */
		4F22B1A3204BAF9D00682E93 /* Build configuration list for PBXProject "DoctorApp" */ = {
			isa = XCConfigurationList;
			buildConfigurations = (
				4F22B1B8204BAF9D00682E93 /* Debug */,
				4F22B1B9204BAF9D00682E93 /* Release */,
			);
			defaultConfigurationIsVisible = 0;
			defaultConfigurationName = Release;
		};
		4F22B1BA204BAF9D00682E93 /* Build configuration list for PBXNativeTarget "DoctorApp" */ = {
			isa = XCConfigurationList;
			buildConfigurations = (
				4F22B1BB204BAF9D00682E93 /* Debug */,
				4F22B1BC204BAF9D00682E93 /* Release */,
			);
			defaultConfigurationIsVisible = 0;
			defaultConfigurationName = Release;
		};
/* End XCConfigurationList section */
	};
	rootObject = 4F22B1A0204BAF9D00682E93 /* Project object */;
}
