// !$*UTF8*$!
{
	archiveVersion = 1;
	classes = {
	};
	objectVersion = 48;
	objects = {

/* Begin PBXBuildFile section */
		4F2CC196204ADA0B00A6753C /* AppDelegate.swift in Sources */ = {isa = PBXBuildFile; fileRef = 4F2CC195204ADA0B00A6753C /* AppDelegate.swift */; };
		4F2CC19B204ADA0B00A6753C /* Main.storyboard in Resources */ = {isa = PBXBuildFile; fileRef = 4F2CC199204ADA0B00A6753C /* Main.storyboard */; };
		4F2CC19D204ADA0B00A6753C /* Assets.xcassets in Resources */ = {isa = PBXBuildFile; fileRef = 4F2CC19C204ADA0B00A6753C /* Assets.xcassets */; };
		4F2CC1A0204ADA0B00A6753C /* LaunchScreen.storyboard in Resources */ = {isa = PBXBuildFile; fileRef = 4F2CC19E204ADA0B00A6753C /* LaunchScreen.storyboard */; };
		4F2CC1B2204ADCFF00A6753C /* DoctorsViewController.swift in Sources */ = {isa = PBXBuildFile; fileRef = 4F2CC1B1204ADCFF00A6753C /* DoctorsViewController.swift */; };
		4F2CC1B6204AE48500A6753C /* DoctorViewCell.swift in Sources */ = {isa = PBXBuildFile; fileRef = 4F2CC1B5204AE48500A6753C /* DoctorViewCell.swift */; };
		4F8C0E00204AEC34004B74AE /* GoogleService-Info.plist in Resources */ = {isa = PBXBuildFile; fileRef = 4F8C0DFF204AEC34004B74AE /* GoogleService-Info.plist */; };
		4F8C0E04204AF0FA004B74AE /* DoctorsViewModel.swift in Sources */ = {isa = PBXBuildFile; fileRef = 4F8C0E03204AF0FA004B74AE /* DoctorsViewModel.swift */; };
		4F8C0E07204AF29C004B74AE /* DoctorsRouter.swift in Sources */ = {isa = PBXBuildFile; fileRef = 4F8C0E06204AF29C004B74AE /* DoctorsRouter.swift */; };
		4F8C0E09204B056A004B74AE /* Doctor.swift in Sources */ = {isa = PBXBuildFile; fileRef = 4F8C0E08204B056A004B74AE /* Doctor.swift */; };
		8F6FE0CF80A23CAD7FBF4850 /* Pods_PatientApp.framework in Frameworks */ = {isa = PBXBuildFile; fileRef = 3E86ECA1BC9F1D09D634F9D5 /* Pods_PatientApp.framework */; };
/* End PBXBuildFile section */

/* Begin PBXFileReference section */
		3E86ECA1BC9F1D09D634F9D5 /* Pods_PatientApp.framework */ = {isa = PBXFileReference; explicitFileType = wrapper.framework; includeInIndex = 0; path = Pods_PatientApp.framework; sourceTree = BUILT_PRODUCTS_DIR; };
		4F2CC192204ADA0B00A6753C /* PatientApp.app */ = {isa = PBXFileReference; explicitFileType = wrapper.application; includeInIndex = 0; path = PatientApp.app; sourceTree = BUILT_PRODUCTS_DIR; };
		4F2CC195204ADA0B00A6753C /* AppDelegate.swift */ = {isa = PBXFileReference; lastKnownFileType = sourcecode.swift; path = AppDelegate.swift; sourceTree = "<group>"; };
		4F2CC19A204ADA0B00A6753C /* Base */ = {isa = PBXFileReference; lastKnownFileType = file.storyboard; name = Base; path = Base.lproj/Main.storyboard; sourceTree = "<group>"; };
		4F2CC19C204ADA0B00A6753C /* Assets.xcassets */ = {isa = PBXFileReference; lastKnownFileType = folder.assetcatalog; path = Assets.xcassets; sourceTree = "<group>"; };
		4F2CC19F204ADA0B00A6753C /* Base */ = {isa = PBXFileReference; lastKnownFileType = file.storyboard; name = Base; path = Base.lproj/LaunchScreen.storyboard; sourceTree = "<group>"; };
		4F2CC1A1204ADA0B00A6753C /* Info.plist */ = {isa = PBXFileReference; lastKnownFileType = text.plist.xml; path = Info.plist; sourceTree = "<group>"; };
		4F2CC1B1204ADCFF00A6753C /* DoctorsViewController.swift */ = {isa = PBXFileReference; lastKnownFileType = sourcecode.swift; name = DoctorsViewController.swift; path = ViewControllers/DoctorsViewController.swift; sourceTree = "<group>"; };
		4F2CC1B5204AE48500A6753C /* DoctorViewCell.swift */ = {isa = PBXFileReference; lastKnownFileType = sourcecode.swift; name = DoctorViewCell.swift; path = Views/DoctorViewCell.swift; sourceTree = "<group>"; };
		4F8C0DFF204AEC34004B74AE /* GoogleService-Info.plist */ = {isa = PBXFileReference; fileEncoding = 4; lastKnownFileType = text.plist.xml; path = "GoogleService-Info.plist"; sourceTree = "<group>"; };
		4F8C0E03204AF0FA004B74AE /* DoctorsViewModel.swift */ = {isa = PBXFileReference; lastKnownFileType = sourcecode.swift; path = DoctorsViewModel.swift; sourceTree = "<group>"; };
		4F8C0E06204AF29C004B74AE /* DoctorsRouter.swift */ = {isa = PBXFileReference; lastKnownFileType = sourcecode.swift; path = DoctorsRouter.swift; sourceTree = "<group>"; };
		4F8C0E08204B056A004B74AE /* Doctor.swift */ = {isa = PBXFileReference; lastKnownFileType = sourcecode.swift; name = Doctor.swift; path = Models/Doctor.swift; sourceTree = "<group>"; };
		4F8C0E0A204B0F91004B74AE /* PatientApp-Bridging-Header.h */ = {isa = PBXFileReference; lastKnownFileType = sourcecode.c.h; path = "PatientApp-Bridging-Header.h"; sourceTree = SOURCE_ROOT; };
		5C8F80D449E21B3C93149ADD /* Pods-PatientApp.release.xcconfig */ = {isa = PBXFileReference; includeInIndex = 1; lastKnownFileType = text.xcconfig; name = "Pods-PatientApp.release.xcconfig"; path = "Pods/Target Support Files/Pods-PatientApp/Pods-PatientApp.release.xcconfig"; sourceTree = "<group>"; };
		986FE0A1CBBFED23EBAC431E /* Pods-PatientApp.debug.xcconfig */ = {isa = PBXFileReference; includeInIndex = 1; lastKnownFileType = text.xcconfig; name = "Pods-PatientApp.debug.xcconfig"; path = "Pods/Target Support Files/Pods-PatientApp/Pods-PatientApp.debug.xcconfig"; sourceTree = "<group>"; };
/* End PBXFileReference section */

/* Begin PBXFrameworksBuildPhase section */
		4F2CC18F204ADA0B00A6753C /* Frameworks */ = {
			isa = PBXFrameworksBuildPhase;
			buildActionMask = 2147483647;
			files = (
				8F6FE0CF80A23CAD7FBF4850 /* Pods_PatientApp.framework in Frameworks */,
			);
			runOnlyForDeploymentPostprocessing = 0;
		};
/* End PBXFrameworksBuildPhase section */

/* Begin PBXGroup section */
		4F2CC189204ADA0B00A6753C = {
			isa = PBXGroup;
			children = (
				4F2CC194204ADA0B00A6753C /* PatientApp */,
				4F2CC193204ADA0B00A6753C /* Products */,
				83D332DD61790E38A5D4D8BF /* Pods */,
				8C88A4EF240584105A6E1897 /* Frameworks */,
			);
			sourceTree = "<group>";
		};
		4F2CC193204ADA0B00A6753C /* Products */ = {
			isa = PBXGroup;
			children = (
				4F2CC192204ADA0B00A6753C /* PatientApp.app */,
			);
			name = Products;
			sourceTree = "<group>";
		};
		4F2CC194204ADA0B00A6753C /* PatientApp */ = {
			isa = PBXGroup;
			children = (
				4F8C0E05204AF28B004B74AE /* Routers */,
				4F8C0E02204AF0E8004B74AE /* ViewModels */,
				4F2CC1B4204AE44900A6753C /* Storyboards */,
				4F2CC1AF204ADC4E00A6753C /* ViewControllers */,
				4F2CC1AE204ADC4800A6753C /* Views */,
				4F2CC1AD204ADC4100A6753C /* Models */,
				4F2CC1AC204ADC1900A6753C /* Supporting Files */,
				4F2CC19C204ADA0B00A6753C /* Assets.xcassets */,
			);
			path = PatientApp;
			sourceTree = "<group>";
		};
		4F2CC1AC204ADC1900A6753C /* Supporting Files */ = {
			isa = PBXGroup;
			children = (
				4F2CC195204ADA0B00A6753C /* AppDelegate.swift */,
				4F2CC1A1204ADA0B00A6753C /* Info.plist */,
				4F8C0DFF204AEC34004B74AE /* GoogleService-Info.plist */,
				4F2CC19E204ADA0B00A6753C /* LaunchScreen.storyboard */,
				4F8C0E0A204B0F91004B74AE /* PatientApp-Bridging-Header.h */,
			);
			name = "Supporting Files";
			sourceTree = "<group>";
		};
		4F2CC1AD204ADC4100A6753C /* Models */ = {
			isa = PBXGroup;
			children = (
				4F8C0E08204B056A004B74AE /* Doctor.swift */,
			);
			name = Models;
			sourceTree = "<group>";
		};
		4F2CC1AE204ADC4800A6753C /* Views */ = {
			isa = PBXGroup;
			children = (
				4F2CC1B5204AE48500A6753C /* DoctorViewCell.swift */,
			);
			name = Views;
			sourceTree = "<group>";
		};
		4F2CC1AF204ADC4E00A6753C /* ViewControllers */ = {
			isa = PBXGroup;
			children = (
				4F2CC1B1204ADCFF00A6753C /* DoctorsViewController.swift */,
			);
			name = ViewControllers;
			sourceTree = "<group>";
		};
		4F2CC1B4204AE44900A6753C /* Storyboards */ = {
			isa = PBXGroup;
			children = (
				4F2CC199204ADA0B00A6753C /* Main.storyboard */,
			);
			name = Storyboards;
			sourceTree = "<group>";
		};
		4F8C0E02204AF0E8004B74AE /* ViewModels */ = {
			isa = PBXGroup;
			children = (
				4F8C0E03204AF0FA004B74AE /* DoctorsViewModel.swift */,
			);
			path = ViewModels;
			sourceTree = "<group>";
		};
		4F8C0E05204AF28B004B74AE /* Routers */ = {
			isa = PBXGroup;
			children = (
				4F8C0E06204AF29C004B74AE /* DoctorsRouter.swift */,
			);
			path = Routers;
			sourceTree = "<group>";
		};
		83D332DD61790E38A5D4D8BF /* Pods */ = {
			isa = PBXGroup;
			children = (
				986FE0A1CBBFED23EBAC431E /* Pods-PatientApp.debug.xcconfig */,
				5C8F80D449E21B3C93149ADD /* Pods-PatientApp.release.xcconfig */,
			);
			name = Pods;
			sourceTree = "<group>";
		};
		8C88A4EF240584105A6E1897 /* Frameworks */ = {
			isa = PBXGroup;
			children = (
				3E86ECA1BC9F1D09D634F9D5 /* Pods_PatientApp.framework */,
			);
			name = Frameworks;
			sourceTree = "<group>";
		};
/* End PBXGroup section */

/* Begin PBXNativeTarget section */
		4F2CC191204ADA0B00A6753C /* PatientApp */ = {
			isa = PBXNativeTarget;
			buildConfigurationList = 4F2CC1A4204ADA0B00A6753C /* Build configuration list for PBXNativeTarget "PatientApp" */;
			buildPhases = (
				EBEAB8262C21CF0715891050 /* [CP] Check Pods Manifest.lock */,
				4F2CC18E204ADA0B00A6753C /* Sources */,
				4F2CC18F204ADA0B00A6753C /* Frameworks */,
				4F2CC190204ADA0B00A6753C /* Resources */,
				07144E5F4F9DF1F3C57200AB /* [CP] Embed Pods Frameworks */,
				85A989BBA4B2EA9EAE0F99F1 /* [CP] Copy Pods Resources */,
			);
			buildRules = (
			);
			dependencies = (
			);
			name = PatientApp;
			productName = PatientApp;
			productReference = 4F2CC192204ADA0B00A6753C /* PatientApp.app */;
			productType = "com.apple.product-type.application";
		};
/* End PBXNativeTarget section */

/* Begin PBXProject section */
		4F2CC18A204ADA0B00A6753C /* Project object */ = {
			isa = PBXProject;
			attributes = {
				LastSwiftUpdateCheck = 0920;
				LastUpgradeCheck = 0920;
				ORGANIZATIONNAME = "Salem Mohamed";
				TargetAttributes = {
					4F2CC191204ADA0B00A6753C = {
						CreatedOnToolsVersion = 9.2;
						ProvisioningStyle = Automatic;
					};
				};
			};
			buildConfigurationList = 4F2CC18D204ADA0B00A6753C /* Build configuration list for PBXProject "PatientApp" */;
			compatibilityVersion = "Xcode 8.0";
			developmentRegion = en;
			hasScannedForEncodings = 0;
			knownRegions = (
				en,
				Base,
			);
			mainGroup = 4F2CC189204ADA0B00A6753C;
			productRefGroup = 4F2CC193204ADA0B00A6753C /* Products */;
			projectDirPath = "";
			projectRoot = "";
			targets = (
				4F2CC191204ADA0B00A6753C /* PatientApp */,
			);
		};
/* End PBXProject section */

/* Begin PBXResourcesBuildPhase section */
		4F2CC190204ADA0B00A6753C /* Resources */ = {
			isa = PBXResourcesBuildPhase;
			buildActionMask = 2147483647;
			files = (
				4F2CC1A0204ADA0B00A6753C /* LaunchScreen.storyboard in Resources */,
				4F8C0E00204AEC34004B74AE /* GoogleService-Info.plist in Resources */,
				4F2CC19D204ADA0B00A6753C /* Assets.xcassets in Resources */,
				4F2CC19B204ADA0B00A6753C /* Main.storyboard in Resources */,
			);
			runOnlyForDeploymentPostprocessing = 0;
		};
/* End PBXResourcesBuildPhase section */

/* Begin PBXShellScriptBuildPhase section */
		07144E5F4F9DF1F3C57200AB /* [CP] Embed Pods Frameworks */ = {
			isa = PBXShellScriptBuildPhase;
			buildActionMask = 2147483647;
			files = (
			);
			inputPaths = (
			);
			name = "[CP] Embed Pods Frameworks";
			outputPaths = (
			);
			runOnlyForDeploymentPostprocessing = 0;
			shellPath = /bin/sh;
			shellScript = "\"${SRCROOT}/Pods/Target Support Files/Pods-PatientApp/Pods-PatientApp-frameworks.sh\"\n";
			showEnvVarsInLog = 0;
		};
		85A989BBA4B2EA9EAE0F99F1 /* [CP] Copy Pods Resources */ = {
			isa = PBXShellScriptBuildPhase;
			buildActionMask = 2147483647;
			files = (
			);
			inputPaths = (
			);
			name = "[CP] Copy Pods Resources";
			outputPaths = (
			);
			runOnlyForDeploymentPostprocessing = 0;
			shellPath = /bin/sh;
			shellScript = "\"${SRCROOT}/Pods/Target Support Files/Pods-PatientApp/Pods-PatientApp-resources.sh\"\n";
			showEnvVarsInLog = 0;
		};
		EBEAB8262C21CF0715891050 /* [CP] Check Pods Manifest.lock */ = {
			isa = PBXShellScriptBuildPhase;
			buildActionMask = 2147483647;
			files = (
			);
			inputPaths = (
			);
			name = "[CP] Check Pods Manifest.lock";
			outputPaths = (
			);
			runOnlyForDeploymentPostprocessing = 0;
			shellPath = /bin/sh;
			shellScript = "diff \"${PODS_PODFILE_DIR_PATH}/Podfile.lock\" \"${PODS_ROOT}/Manifest.lock\" > /dev/null\nif [ $? != 0 ] ; then\n    # print error to STDERR\n    echo \"error: The sandbox is not in sync with the Podfile.lock. Run 'pod install' or update your CocoaPods installation.\" >&2\n    exit 1\nfi\n";
			showEnvVarsInLog = 0;
		};
/* End PBXShellScriptBuildPhase section */

/* Begin PBXSourcesBuildPhase section */
		4F2CC18E204ADA0B00A6753C /* Sources */ = {
			isa = PBXSourcesBuildPhase;
			buildActionMask = 2147483647;
			files = (
				4F2CC1B6204AE48500A6753C /* DoctorViewCell.swift in Sources */,
				4F2CC196204ADA0B00A6753C /* AppDelegate.swift in Sources */,
				4F8C0E09204B056A004B74AE /* Doctor.swift in Sources */,
				4F2CC1B2204ADCFF00A6753C /* DoctorsViewController.swift in Sources */,
				4F8C0E07204AF29C004B74AE /* DoctorsRouter.swift in Sources */,
				4F8C0E04204AF0FA004B74AE /* DoctorsViewModel.swift in Sources */,
			);
			runOnlyForDeploymentPostprocessing = 0;
		};
/* End PBXSourcesBuildPhase section */

/* Begin PBXVariantGroup section */
		4F2CC199204ADA0B00A6753C /* Main.storyboard */ = {
			isa = PBXVariantGroup;
			children = (
				4F2CC19A204ADA0B00A6753C /* Base */,
			);
			name = Main.storyboard;
			sourceTree = "<group>";
		};
		4F2CC19E204ADA0B00A6753C /* LaunchScreen.storyboard */ = {
			isa = PBXVariantGroup;
			children = (
				4F2CC19F204ADA0B00A6753C /* Base */,
			);
			name = LaunchScreen.storyboard;
			sourceTree = "<group>";
		};
/* End PBXVariantGroup section */

/* Begin XCBuildConfiguration section */
		4F2CC1A2204ADA0B00A6753C /* Debug */ = {
			isa = XCBuildConfiguration;
			buildSettings = {
				ALWAYS_SEARCH_USER_PATHS = NO;
				CLANG_ANALYZER_NONNULL = YES;
				CLANG_ANALYZER_NUMBER_OBJECT_CONVERSION = YES_AGGRESSIVE;
				CLANG_CXX_LANGUAGE_STANDARD = "gnu++14";
				CLANG_CXX_LIBRARY = "libc++";
				CLANG_ENABLE_MODULES = YES;
				CLANG_ENABLE_OBJC_ARC = YES;
				CLANG_WARN_BLOCK_CAPTURE_AUTORELEASING = YES;
				CLANG_WARN_BOOL_CONVERSION = YES;
				CLANG_WARN_COMMA = YES;
				CLANG_WARN_CONSTANT_CONVERSION = YES;
				CLANG_WARN_DIRECT_OBJC_ISA_USAGE = YES_ERROR;
				CLANG_WARN_DOCUMENTATION_COMMENTS = YES;
				CLANG_WARN_EMPTY_BODY = YES;
				CLANG_WARN_ENUM_CONVERSION = YES;
				CLANG_WARN_INFINITE_RECURSION = YES;
				CLANG_WARN_INT_CONVERSION = YES;
				CLANG_WARN_NON_LITERAL_NULL_CONVERSION = YES;
				CLANG_WARN_OBJC_LITERAL_CONVERSION = YES;
				CLANG_WARN_OBJC_ROOT_CLASS = YES_ERROR;
				CLANG_WARN_RANGE_LOOP_ANALYSIS = YES;
				CLANG_WARN_STRICT_PROTOTYPES = YES;
				CLANG_WARN_SUSPICIOUS_MOVE = YES;
				CLANG_WARN_UNGUARDED_AVAILABILITY = YES_AGGRESSIVE;
				CLANG_WARN_UNREACHABLE_CODE = YES;
				CLANG_WARN__DUPLICATE_METHOD_MATCH = YES;
				CODE_SIGN_IDENTITY = "iPhone Developer";
				COPY_PHASE_STRIP = NO;
				DEBUG_INFORMATION_FORMAT = dwarf;
				ENABLE_STRICT_OBJC_MSGSEND = YES;
				ENABLE_TESTABILITY = YES;
				GCC_C_LANGUAGE_STANDARD = gnu11;
				GCC_DYNAMIC_NO_PIC = NO;
				GCC_NO_COMMON_BLOCKS = YES;
				GCC_OPTIMIZATION_LEVEL = 0;
				GCC_PREPROCESSOR_DEFINITIONS = (
					"DEBUG=1",
					"$(inherited)",
				);
				GCC_WARN_64_TO_32_BIT_CONVERSION = YES;
				GCC_WARN_ABOUT_RETURN_TYPE = YES_ERROR;
				GCC_WARN_UNDECLARED_SELECTOR = YES;
				GCC_WARN_UNINITIALIZED_AUTOS = YES_AGGRESSIVE;
				GCC_WARN_UNUSED_FUNCTION = YES;
				GCC_WARN_UNUSED_VARIABLE = YES;
				IPHONEOS_DEPLOYMENT_TARGET = 11.2;
				MTL_ENABLE_DEBUG_INFO = YES;
				ONLY_ACTIVE_ARCH = YES;
				SDKROOT = iphoneos;
				SWIFT_ACTIVE_COMPILATION_CONDITIONS = DEBUG;
				SWIFT_OPTIMIZATION_LEVEL = "-Onone";
			};
			name = Debug;
		};
		4F2CC1A3204ADA0B00A6753C /* Release */ = {
			isa = XCBuildConfiguration;
			buildSettings = {
				ALWAYS_SEARCH_USER_PATHS = NO;
				CLANG_ANALYZER_NONNULL = YES;
				CLANG_ANALYZER_NUMBER_OBJECT_CONVERSION = YES_AGGRESSIVE;
				CLANG_CXX_LANGUAGE_STANDARD = "gnu++14";
				CLANG_CXX_LIBRARY = "libc++";
				CLANG_ENABLE_MODULES = YES;
				CLANG_ENABLE_OBJC_ARC = YES;
				CLANG_WARN_BLOCK_CAPTURE_AUTORELEASING = YES;
				CLANG_WARN_BOOL_CONVERSION = YES;
				CLANG_WARN_COMMA = YES;
				CLANG_WARN_CONSTANT_CONVERSION = YES;
				CLANG_WARN_DIRECT_OBJC_ISA_USAGE = YES_ERROR;
				CLANG_WARN_DOCUMENTATION_COMMENTS = YES;
				CLANG_WARN_EMPTY_BODY = YES;
				CLANG_WARN_ENUM_CONVERSION = YES;
				CLANG_WARN_INFINITE_RECURSION = YES;
				CLANG_WARN_INT_CONVERSION = YES;
				CLANG_WARN_NON_LITERAL_NULL_CONVERSION = YES;
				CLANG_WARN_OBJC_LITERAL_CONVERSION = YES;
				CLANG_WARN_OBJC_ROOT_CLASS = YES_ERROR;
				CLANG_WARN_RANGE_LOOP_ANALYSIS = YES;
				CLANG_WARN_STRICT_PROTOTYPES = YES;
				CLANG_WARN_SUSPICIOUS_MOVE = YES;
				CLANG_WARN_UNGUARDED_AVAILABILITY = YES_AGGRESSIVE;
				CLANG_WARN_UNREACHABLE_CODE = YES;
				CLANG_WARN__DUPLICATE_METHOD_MATCH = YES;
				CODE_SIGN_IDENTITY = "iPhone Developer";
				COPY_PHASE_STRIP = NO;
				DEBUG_INFORMATION_FORMAT = "dwarf-with-dsym";
				ENABLE_NS_ASSERTIONS = NO;
				ENABLE_STRICT_OBJC_MSGSEND = YES;
				GCC_C_LANGUAGE_STANDARD = gnu11;
				GCC_NO_COMMON_BLOCKS = YES;
				GCC_WARN_64_TO_32_BIT_CONVERSION = YES;
				GCC_WARN_ABOUT_RETURN_TYPE = YES_ERROR;
				GCC_WARN_UNDECLARED_SELECTOR = YES;
				GCC_WARN_UNINITIALIZED_AUTOS = YES_AGGRESSIVE;
				GCC_WARN_UNUSED_FUNCTION = YES;
				GCC_WARN_UNUSED_VARIABLE = YES;
				IPHONEOS_DEPLOYMENT_TARGET = 11.2;
				MTL_ENABLE_DEBUG_INFO = NO;
				SDKROOT = iphoneos;
				SWIFT_OPTIMIZATION_LEVEL = "-Owholemodule";
				VALIDATE_PRODUCT = YES;
			};
			name = Release;
		};
		4F2CC1A5204ADA0B00A6753C /* Debug */ = {
			isa = XCBuildConfiguration;
			baseConfigurationReference = 986FE0A1CBBFED23EBAC431E /* Pods-PatientApp.debug.xcconfig */;
			buildSettings = {
				ASSETCATALOG_COMPILER_APPICON_NAME = AppIcon;
				CODE_SIGN_STYLE = Automatic;
				DEVELOPMENT_TEAM = UXYD2AG48K;
				INFOPLIST_FILE = PatientApp/Info.plist;
				LD_RUNPATH_SEARCH_PATHS = "$(inherited) @executable_path/Frameworks";
				PRODUCT_BUNDLE_IDENTIFIER = hungerstation.assignment.salem.PatientApp;
				PRODUCT_NAME = "$(TARGET_NAME)";
				SWIFT_OBJC_BRIDGING_HEADER = "PatientApp-Bridging-Header.h";
				SWIFT_VERSION = 4.0;
				TARGETED_DEVICE_FAMILY = "1,2";
			};
			name = Debug;
		};
		4F2CC1A6204ADA0B00A6753C /* Release */ = {
			isa = XCBuildConfiguration;
			baseConfigurationReference = 5C8F80D449E21B3C93149ADD /* Pods-PatientApp.release.xcconfig */;
			buildSettings = {
				ASSETCATALOG_COMPILER_APPICON_NAME = AppIcon;
				CODE_SIGN_STYLE = Automatic;
				DEVELOPMENT_TEAM = UXYD2AG48K;
				INFOPLIST_FILE = PatientApp/Info.plist;
				LD_RUNPATH_SEARCH_PATHS = "$(inherited) @executable_path/Frameworks";
				PRODUCT_BUNDLE_IDENTIFIER = hungerstation.assignment.salem.PatientApp;
				PRODUCT_NAME = "$(TARGET_NAME)";
				SWIFT_OBJC_BRIDGING_HEADER = "PatientApp-Bridging-Header.h";
				SWIFT_VERSION = 4.0;
				TARGETED_DEVICE_FAMILY = "1,2";
			};
			name = Release;
		};
/* End XCBuildConfiguration section */

/* Begin XCConfigurationList section */
		4F2CC18D204ADA0B00A6753C /* Build configuration list for PBXProject "PatientApp" */ = {
			isa = XCConfigurationList;
			buildConfigurations = (
				4F2CC1A2204ADA0B00A6753C /* Debug */,
				4F2CC1A3204ADA0B00A6753C /* Release */,
			);
			defaultConfigurationIsVisible = 0;
			defaultConfigurationName = Release;
		};
		4F2CC1A4204ADA0B00A6753C /* Build configuration list for PBXNativeTarget "PatientApp" */ = {
			isa = XCConfigurationList;
			buildConfigurations = (
				4F2CC1A5204ADA0B00A6753C /* Debug */,
				4F2CC1A6204ADA0B00A6753C /* Release */,
			);
			defaultConfigurationIsVisible = 0;
			defaultConfigurationName = Release;
		};
/* End XCConfigurationList section */
	};
	rootObject = 4F2CC18A204ADA0B00A6753C /* Project object */;
}
